PODS:
  - Alamofire (5.4.3)
  - Moya (14.0.0):
    - Moya/Core (= 14.0.0)
  - Moya/Core (14.0.0):
    - Alamofire (~> 5.0)
  - Nimble (9.2.0)
  - Quick (4.0.0)

DEPENDENCIES:
  - Moya (= 14.0.0)
  - Nimble (= 9.2.0)
  - Quick (= 4.0.0)

SPEC REPOS:
  trunk:
    - Alamofire
    - Moya
    - Nimble
    - Quick

SPEC CHECKSUMS:
  Alamofire: e447a2774a40c996748296fa2c55112fdbbc42f9
  Moya: 5b45dacb75adb009f97fde91c204c1e565d31916
  Nimble: 4f4a345c80b503b3ea13606a4f98405974ee4d0b
  Quick: 6473349e43b9271a8d43839d9ba1c442ed1b7ac4

PODFILE CHECKSUM: 4a39b335bdd82f6611661be07857daa21c671151

COCOAPODS: 1.11.2
