// !$*UTF8*$!
{
	archiveVersion = 1;
	classes = {
	};
	objectVersion = 51;
	objects = {

/* Begin PBXBuildFile section */
		5E960F13095029D2B7368F48 /* Pods_TouchTunes_Domain.framework in Frameworks */ = {isa = PBXBuildFile; fileRef = B9C29B8AA1534B5EFB600CC8 /* Pods_TouchTunes_Domain.framework */; };
		671FE866272DE2B700357032 /* SearchRepositoryMock.swift in Sources */ = {isa = PBXBuildFile; fileRef = 671FE865272DE2B700357032 /* SearchRepositoryMock.swift */; };
		671FE868272DEE4000357032 /* JSONDecoder+AtKeyPath.swift in Sources */ = {isa = PBXBuildFile; fileRef = 671FE867272DEE4000357032 /* JSONDecoder+AtKeyPath.swift */; };
		6736D4FA273D95C500564FC1 /* SearchAlbumUseCase.swift in Sources */ = {isa = PBXBuildFile; fileRef = 6736D4F9273D95C500564FC1 /* SearchAlbumUseCase.swift */; };
		6736D4FE273D970700564FC1 /* FavoriteRepository.swift in Sources */ = {isa = PBXBuildFile; fileRef = 6736D4FD273D970700564FC1 /* FavoriteRepository.swift */; };
		6736D502273D9E8900564FC1 /* SearchRepository.swift in Sources */ = {isa = PBXBuildFile; fileRef = 6736D501273D9E8900564FC1 /* SearchRepository.swift */; };
		67923EB926729D8A0056FCC8 /* TouchTunes_Domain.framework in Frameworks */ = {isa = PBXBuildFile; fileRef = 67923EAF26729D8A0056FCC8 /* TouchTunes_Domain.framework */; };
		67923ED82672A8B50056FCC8 /* Album.swift in Sources */ = {isa = PBXBuildFile; fileRef = 67923ED72672A8B50056FCC8 /* Album.swift */; };
		67923EDE2672B5AE0056FCC8 /* ITunesError.swift in Sources */ = {isa = PBXBuildFile; fileRef = 67923EDD2672B5AE0056FCC8 /* ITunesError.swift */; };
		67923EE52672BD550056FCC8 /* SearchAlbumUseCaseImpl.swift in Sources */ = {isa = PBXBuildFile; fileRef = 67923EE42672BD550056FCC8 /* SearchAlbumUseCaseImpl.swift */; };
		67923EE82672C1530056FCC8 /* UseCaseFactory.swift in Sources */ = {isa = PBXBuildFile; fileRef = 67923EE72672C1530056FCC8 /* UseCaseFactory.swift */; };
		67923EED2672D4E10056FCC8 /* SearchUseCaseSpec.swift in Sources */ = {isa = PBXBuildFile; fileRef = 67923EEB2672D3E20056FCC8 /* SearchUseCaseSpec.swift */; };
		67923EF22673F7DD0056FCC8 /* Mock.swift in Sources */ = {isa = PBXBuildFile; fileRef = 67923EF12673F7DD0056FCC8 /* Mock.swift */; };
		67923EF72673FE2E0056FCC8 /* search-success.json in Resources */ = {isa = PBXBuildFile; fileRef = 67923EF62673FE2E0056FCC8 /* search-success.json */; };
		67F33551273EAEA100F6ED80 /* Nimble+BeResult.swift in Sources */ = {isa = PBXBuildFile; fileRef = 67F33550273EAEA100F6ED80 /* Nimble+BeResult.swift */; };
		67F33556273EB04E00F6ED80 /* SearchRequest.swift in Sources */ = {isa = PBXBuildFile; fileRef = 67F33554273EAFA400F6ED80 /* SearchRequest.swift */; };
		AFC65A0D22C401BD74D758AB /* Pods_TouchTunes_Domain_TouchTunes_Domain_Tests.framework in Frameworks */ = {isa = PBXBuildFile; fileRef = 52E2F3464229E29B7B489B96 /* Pods_TouchTunes_Domain_TouchTunes_Domain_Tests.framework */; };
/* End PBXBuildFile section */

/* Begin PBXContainerItemProxy section */
		67923EBA26729D8A0056FCC8 /* PBXContainerItemProxy */ = {
			isa = PBXContainerItemProxy;
			containerPortal = 67923EA626729D8A0056FCC8 /* Project object */;
			proxyType = 1;
			remoteGlobalIDString = 67923EAE26729D8A0056FCC8;
			remoteInfo = "touchtunes-sdk";
		};
/* End PBXContainerItemProxy section */

/* Begin PBXFileReference section */
		454CCD5E4B024D1EACACC814 /* Pods-TouchTunes Domain.release.xcconfig */ = {isa = PBXFileReference; includeInIndex = 1; lastKnownFileType = text.xcconfig; name = "Pods-TouchTunes Domain.release.xcconfig"; path = "Target Support Files/Pods-TouchTunes Domain/Pods-TouchTunes Domain.release.xcconfig"; sourceTree = "<group>"; };
		52E2F3464229E29B7B489B96 /* Pods_TouchTunes_Domain_TouchTunes_Domain_Tests.framework */ = {isa = PBXFileReference; explicitFileType = wrapper.framework; includeInIndex = 0; path = Pods_TouchTunes_Domain_TouchTunes_Domain_Tests.framework; sourceTree = BUILT_PRODUCTS_DIR; };
		563278CC5542EE9F071DDDBD /* Pods-TouchTunes Domain-TouchTunes Domain Tests.debug.xcconfig */ = {isa = PBXFileReference; includeInIndex = 1; lastKnownFileType = text.xcconfig; name = "Pods-TouchTunes Domain-TouchTunes Domain Tests.debug.xcconfig"; path = "Target Support Files/Pods-TouchTunes Domain-TouchTunes Domain Tests/Pods-TouchTunes Domain-TouchTunes Domain Tests.debug.xcconfig"; sourceTree = "<group>"; };
		609EE0E3BA88901C22069F89 /* Pods-TouchTunes Domain.debug.xcconfig */ = {isa = PBXFileReference; includeInIndex = 1; lastKnownFileType = text.xcconfig; name = "Pods-TouchTunes Domain.debug.xcconfig"; path = "Target Support Files/Pods-TouchTunes Domain/Pods-TouchTunes Domain.debug.xcconfig"; sourceTree = "<group>"; };
		671FE865272DE2B700357032 /* SearchRepositoryMock.swift */ = {isa = PBXFileReference; lastKnownFileType = sourcecode.swift; path = SearchRepositoryMock.swift; sourceTree = "<group>"; };
		671FE867272DEE4000357032 /* JSONDecoder+AtKeyPath.swift */ = {isa = PBXFileReference; fileEncoding = 4; lastKnownFileType = sourcecode.swift; path = "JSONDecoder+AtKeyPath.swift"; sourceTree = "<group>"; };
		6736D4F9273D95C500564FC1 /* SearchAlbumUseCase.swift */ = {isa = PBXFileReference; lastKnownFileType = sourcecode.swift; path = SearchAlbumUseCase.swift; sourceTree = "<group>"; };
		6736D4FD273D970700564FC1 /* FavoriteRepository.swift */ = {isa = PBXFileReference; lastKnownFileType = sourcecode.swift; path = FavoriteRepository.swift; sourceTree = "<group>"; };
		6736D501273D9E8900564FC1 /* SearchRepository.swift */ = {isa = PBXFileReference; lastKnownFileType = sourcecode.swift; path = SearchRepository.swift; sourceTree = "<group>"; };
		67923EAF26729D8A0056FCC8 /* TouchTunes_Domain.framework */ = {isa = PBXFileReference; explicitFileType = wrapper.framework; includeInIndex = 0; path = TouchTunes_Domain.framework; sourceTree = BUILT_PRODUCTS_DIR; };
		67923EB326729D8A0056FCC8 /* Info.plist */ = {isa = PBXFileReference; lastKnownFileType = text.plist.xml; path = Info.plist; sourceTree = "<group>"; };
		67923EB826729D8A0056FCC8 /* TouchTunes Domain Tests.xctest */ = {isa = PBXFileReference; explicitFileType = wrapper.cfbundle; includeInIndex = 0; path = "TouchTunes Domain Tests.xctest"; sourceTree = BUILT_PRODUCTS_DIR; };
		67923EBF26729D8A0056FCC8 /* Info.plist */ = {isa = PBXFileReference; lastKnownFileType = text.plist.xml; path = Info.plist; sourceTree = "<group>"; };
		67923ED72672A8B50056FCC8 /* Album.swift */ = {isa = PBXFileReference; lastKnownFileType = sourcecode.swift; path = Album.swift; sourceTree = "<group>"; };
		67923EDD2672B5AE0056FCC8 /* ITunesError.swift */ = {isa = PBXFileReference; lastKnownFileType = sourcecode.swift; path = ITunesError.swift; sourceTree = "<group>"; };
		67923EE42672BD550056FCC8 /* SearchAlbumUseCaseImpl.swift */ = {isa = PBXFileReference; lastKnownFileType = sourcecode.swift; path = SearchAlbumUseCaseImpl.swift; sourceTree = "<group>"; };
		67923EE72672C1530056FCC8 /* UseCaseFactory.swift */ = {isa = PBXFileReference; lastKnownFileType = sourcecode.swift; path = UseCaseFactory.swift; sourceTree = "<group>"; };
		67923EEB2672D3E20056FCC8 /* SearchUseCaseSpec.swift */ = {isa = PBXFileReference; lastKnownFileType = sourcecode.swift; path = SearchUseCaseSpec.swift; sourceTree = "<group>"; };
		67923EF12673F7DD0056FCC8 /* Mock.swift */ = {isa = PBXFileReference; lastKnownFileType = sourcecode.swift; path = Mock.swift; sourceTree = "<group>"; };
		67923EF62673FE2E0056FCC8 /* search-success.json */ = {isa = PBXFileReference; lastKnownFileType = text.json; path = "search-success.json"; sourceTree = "<group>"; };
		67F33550273EAEA100F6ED80 /* Nimble+BeResult.swift */ = {isa = PBXFileReference; lastKnownFileType = sourcecode.swift; path = "Nimble+BeResult.swift"; sourceTree = "<group>"; };
		67F33554273EAFA400F6ED80 /* SearchRequest.swift */ = {isa = PBXFileReference; lastKnownFileType = sourcecode.swift; path = SearchRequest.swift; sourceTree = "<group>"; };
		B9C29B8AA1534B5EFB600CC8 /* Pods_TouchTunes_Domain.framework */ = {isa = PBXFileReference; explicitFileType = wrapper.framework; includeInIndex = 0; path = Pods_TouchTunes_Domain.framework; sourceTree = BUILT_PRODUCTS_DIR; };
		D0698222DEDF6AE6FC1F096C /* Pods-TouchTunes Domain-TouchTunes Domain Tests.release.xcconfig */ = {isa = PBXFileReference; includeInIndex = 1; lastKnownFileType = text.xcconfig; name = "Pods-TouchTunes Domain-TouchTunes Domain Tests.release.xcconfig"; path = "Target Support Files/Pods-TouchTunes Domain-TouchTunes Domain Tests/Pods-TouchTunes Domain-TouchTunes Domain Tests.release.xcconfig"; sourceTree = "<group>"; };
/* End PBXFileReference section */

/* Begin PBXFrameworksBuildPhase section */
		67923EAC26729D8A0056FCC8 /* Frameworks */ = {
			isa = PBXFrameworksBuildPhase;
			buildActionMask = 2147483647;
			files = (
				5E960F13095029D2B7368F48 /* Pods_TouchTunes_Domain.framework in Frameworks */,
			);
			runOnlyForDeploymentPostprocessing = 0;
		};
		67923EB526729D8A0056FCC8 /* Frameworks */ = {
			isa = PBXFrameworksBuildPhase;
			buildActionMask = 2147483647;
			files = (
				67923EB926729D8A0056FCC8 /* TouchTunes_Domain.framework in Frameworks */,
				AFC65A0D22C401BD74D758AB /* Pods_TouchTunes_Domain_TouchTunes_Domain_Tests.framework in Frameworks */,
			);
			runOnlyForDeploymentPostprocessing = 0;
		};
/* End PBXFrameworksBuildPhase section */

/* Begin PBXGroup section */
		260B9629551F77444E14309F /* Pods */ = {
			isa = PBXGroup;
			children = (
				609EE0E3BA88901C22069F89 /* Pods-TouchTunes Domain.debug.xcconfig */,
				454CCD5E4B024D1EACACC814 /* Pods-TouchTunes Domain.release.xcconfig */,
				563278CC5542EE9F071DDDBD /* Pods-TouchTunes Domain-TouchTunes Domain Tests.debug.xcconfig */,
				D0698222DEDF6AE6FC1F096C /* Pods-TouchTunes Domain-TouchTunes Domain Tests.release.xcconfig */,
			);
			path = Pods;
			sourceTree = "<group>";
		};
		671FE864272DE28900357032 /* Repository */ = {
			isa = PBXGroup;
			children = (
				671FE865272DE2B700357032 /* SearchRepositoryMock.swift */,
			);
			path = Repository;
			sourceTree = "<group>";
		};
		6748E3B827304E8A00E46499 /* Files */ = {
			isa = PBXGroup;
			children = (
				67923EF62673FE2E0056FCC8 /* search-success.json */,
			);
			path = Files;
			sourceTree = "<group>";
		};
		6781F718270BCA9300DAF479 /* Util */ = {
			isa = PBXGroup;
			children = (
				671FE867272DEE4000357032 /* JSONDecoder+AtKeyPath.swift */,
				67F33550273EAEA100F6ED80 /* Nimble+BeResult.swift */,
			);
			path = Util;
			sourceTree = "<group>";
		};
		6781F71C270BD35E00DAF479 /* Search */ = {
			isa = PBXGroup;
			children = (
				67923EEB2672D3E20056FCC8 /* SearchUseCaseSpec.swift */,
			);
			path = Search;
			sourceTree = "<group>";
		};
		67923EA526729D8A0056FCC8 = {
			isa = PBXGroup;
			children = (
				67923EB126729D8A0056FCC8 /* Domain */,
				67923EBC26729D8A0056FCC8 /* Domain Tests */,
				67923EB026729D8A0056FCC8 /* Products */,
				260B9629551F77444E14309F /* Pods */,
				B31621672DAB6A8B8A8D4665 /* Frameworks */,
			);
			sourceTree = "<group>";
		};
		67923EB026729D8A0056FCC8 /* Products */ = {
			isa = PBXGroup;
			children = (
				67923EAF26729D8A0056FCC8 /* TouchTunes_Domain.framework */,
				67923EB826729D8A0056FCC8 /* TouchTunes Domain Tests.xctest */,
			);
			name = Products;
			sourceTree = "<group>";
		};
		67923EB126729D8A0056FCC8 /* Domain */ = {
			isa = PBXGroup;
			children = (
				67923ECA26729E7F0056FCC8 /* Supporting Files */,
				67923EC926729E750056FCC8 /* Source */,
			);
			path = Domain;
			sourceTree = "<group>";
		};
		67923EBC26729D8A0056FCC8 /* Domain Tests */ = {
			isa = PBXGroup;
			children = (
				67923ECB26729E990056FCC8 /* Supporting Files */,
				67923ECC26729EAA0056FCC8 /* Source */,
			);
			path = "Domain Tests";
			sourceTree = "<group>";
		};
		67923EC926729E750056FCC8 /* Source */ = {
			isa = PBXGroup;
			children = (
				67F33553273EAEE400F6ED80 /* Favorite */,
				67F33552273EAEDE00F6ED80 /* Search */,
				67923ED52672A7130056FCC8 /* Error */,
				67923ECF2672A5780056FCC8 /* Model */,
			);
			path = Source;
			sourceTree = "<group>";
		};
		67923ECA26729E7F0056FCC8 /* Supporting Files */ = {
			isa = PBXGroup;
			children = (
				67923EB326729D8A0056FCC8 /* Info.plist */,
			);
			path = "Supporting Files";
			sourceTree = "<group>";
		};
		67923ECB26729E990056FCC8 /* Supporting Files */ = {
			isa = PBXGroup;
			children = (
				67923EBF26729D8A0056FCC8 /* Info.plist */,
			);
			path = "Supporting Files";
			sourceTree = "<group>";
		};
		67923ECC26729EAA0056FCC8 /* Source */ = {
			isa = PBXGroup;
			children = (
				67923EF02673F7A70056FCC8 /* Mock */,
				6781F71C270BD35E00DAF479 /* Search */,
				6781F718270BCA9300DAF479 /* Util */,
			);
			path = Source;
			sourceTree = "<group>";
		};
		67923ECF2672A5780056FCC8 /* Model */ = {
			isa = PBXGroup;
			children = (
				67923ED72672A8B50056FCC8 /* Album.swift */,
				67F33554273EAFA400F6ED80 /* SearchRequest.swift */,
			);
			path = Model;
			sourceTree = "<group>";
		};
		67923ED52672A7130056FCC8 /* Error */ = {
			isa = PBXGroup;
			children = (
				67923EDD2672B5AE0056FCC8 /* ITunesError.swift */,
			);
			path = Error;
			sourceTree = "<group>";
		};
		67923EF02673F7A70056FCC8 /* Mock */ = {
			isa = PBXGroup;
			children = (
				6748E3B827304E8A00E46499 /* Files */,
				671FE864272DE28900357032 /* Repository */,
				67923EF12673F7DD0056FCC8 /* Mock.swift */,
			);
			path = Mock;
			sourceTree = "<group>";
		};
		67F33552273EAEDE00F6ED80 /* Search */ = {
			isa = PBXGroup;
			children = (
				67923EE42672BD550056FCC8 /* SearchAlbumUseCaseImpl.swift */,
				67923EE72672C1530056FCC8 /* UseCaseFactory.swift */,
				6736D4F9273D95C500564FC1 /* SearchAlbumUseCase.swift */,
				6736D501273D9E8900564FC1 /* SearchRepository.swift */,
			);
			path = Search;
			sourceTree = "<group>";
		};
		67F33553273EAEE400F6ED80 /* Favorite */ = {
			isa = PBXGroup;
			children = (
				6736D4FD273D970700564FC1 /* FavoriteRepository.swift */,
			);
			path = Favorite;
			sourceTree = "<group>";
		};
		B31621672DAB6A8B8A8D4665 /* Frameworks */ = {
			isa = PBXGroup;
			children = (
				B9C29B8AA1534B5EFB600CC8 /* Pods_TouchTunes_Domain.framework */,
				52E2F3464229E29B7B489B96 /* Pods_TouchTunes_Domain_TouchTunes_Domain_Tests.framework */,
			);
			name = Frameworks;
			sourceTree = "<group>";
		};
/* End PBXGroup section */

/* Begin PBXHeadersBuildPhase section */
		67923EAA26729D8A0056FCC8 /* Headers */ = {
			isa = PBXHeadersBuildPhase;
			buildActionMask = 2147483647;
			files = (
			);
			runOnlyForDeploymentPostprocessing = 0;
		};
/* End PBXHeadersBuildPhase section */

/* Begin PBXNativeTarget section */
		67923EAE26729D8A0056FCC8 /* TouchTunes Domain */ = {
			isa = PBXNativeTarget;
			buildConfigurationList = 67923EC326729D8A0056FCC8 /* Build configuration list for PBXNativeTarget "TouchTunes Domain" */;
			buildPhases = (
				E66C4A612B1E34DABF23323E /* [CP] Check Pods Manifest.lock */,
				67923EAA26729D8A0056FCC8 /* Headers */,
				67923EAB26729D8A0056FCC8 /* Sources */,
				67923EAC26729D8A0056FCC8 /* Frameworks */,
				67923EAD26729D8A0056FCC8 /* Resources */,
			);
			buildRules = (
			);
			dependencies = (
			);
			name = "TouchTunes Domain";
			productName = "touchtunes-sdk";
			productReference = 67923EAF26729D8A0056FCC8 /* TouchTunes_Domain.framework */;
			productType = "com.apple.product-type.framework";
		};
		67923EB726729D8A0056FCC8 /* TouchTunes Domain Tests */ = {
			isa = PBXNativeTarget;
			buildConfigurationList = 67923EC626729D8A0056FCC8 /* Build configuration list for PBXNativeTarget "TouchTunes Domain Tests" */;
			buildPhases = (
				A2793554A2581BA931C28139 /* [CP] Check Pods Manifest.lock */,
				67923EB426729D8A0056FCC8 /* Sources */,
				67923EB526729D8A0056FCC8 /* Frameworks */,
				67923EB626729D8A0056FCC8 /* Resources */,
				62BCBB675EA6E3253504750D /* [CP] Embed Pods Frameworks */,
			);
			buildRules = (
			);
			dependencies = (
				67923EBB26729D8A0056FCC8 /* PBXTargetDependency */,
			);
			name = "TouchTunes Domain Tests";
			productName = "touchtunes-sdkTests";
			productReference = 67923EB826729D8A0056FCC8 /* TouchTunes Domain Tests.xctest */;
			productType = "com.apple.product-type.bundle.unit-test";
		};
/* End PBXNativeTarget section */

/* Begin PBXProject section */
		67923EA626729D8A0056FCC8 /* Project object */ = {
			isa = PBXProject;
			attributes = {
				LastSwiftUpdateCheck = 1250;
				LastUpgradeCheck = 1250;
				TargetAttributes = {
					67923EAE26729D8A0056FCC8 = {
						CreatedOnToolsVersion = 12.5;
						LastSwiftMigration = 1250;
					};
					67923EB726729D8A0056FCC8 = {
						CreatedOnToolsVersion = 12.5;
					};
				};
			};
			buildConfigurationList = 67923EA926729D8A0056FCC8 /* Build configuration list for PBXProject "TouchTunes Domain" */;
			compatibilityVersion = "Xcode 9.3";
			developmentRegion = en;
			hasScannedForEncodings = 0;
			knownRegions = (
				en,
				Base,
			);
			mainGroup = 67923EA526729D8A0056FCC8;
			productRefGroup = 67923EB026729D8A0056FCC8 /* Products */;
			projectDirPath = "";
			projectRoot = "";
			targets = (
				67923EAE26729D8A0056FCC8 /* TouchTunes Domain */,
				67923EB726729D8A0056FCC8 /* TouchTunes Domain Tests */,
			);
		};
/* End PBXProject section */

/* Begin PBXResourcesBuildPhase section */
		67923EAD26729D8A0056FCC8 /* Resources */ = {
			isa = PBXResourcesBuildPhase;
			buildActionMask = 2147483647;
			files = (
			);
			runOnlyForDeploymentPostprocessing = 0;
		};
		67923EB626729D8A0056FCC8 /* Resources */ = {
			isa = PBXResourcesBuildPhase;
			buildActionMask = 2147483647;
			files = (
				67923EF72673FE2E0056FCC8 /* search-success.json in Resources */,
			);
			runOnlyForDeploymentPostprocessing = 0;
		};
/* End PBXResourcesBuildPhase section */

/* Begin PBXShellScriptBuildPhase section */
		62BCBB675EA6E3253504750D /* [CP] Embed Pods Frameworks */ = {
			isa = PBXShellScriptBuildPhase;
			buildActionMask = 2147483647;
			files = (
			);
			inputFileListPaths = (
				"${PODS_ROOT}/Target Support Files/Pods-TouchTunes Domain-TouchTunes Domain Tests/Pods-TouchTunes Domain-TouchTunes Domain Tests-frameworks-${CONFIGURATION}-input-files.xcfilelist",
			);
			name = "[CP] Embed Pods Frameworks";
			outputFileListPaths = (
				"${PODS_ROOT}/Target Support Files/Pods-TouchTunes Domain-TouchTunes Domain Tests/Pods-TouchTunes Domain-TouchTunes Domain Tests-frameworks-${CONFIGURATION}-output-files.xcfilelist",
			);
			runOnlyForDeploymentPostprocessing = 0;
			shellPath = /bin/sh;
			shellScript = "\"${PODS_ROOT}/Target Support Files/Pods-TouchTunes Domain-TouchTunes Domain Tests/Pods-TouchTunes Domain-TouchTunes Domain Tests-frameworks.sh\"\n";
			showEnvVarsInLog = 0;
		};
		A2793554A2581BA931C28139 /* [CP] Check Pods Manifest.lock */ = {
			isa = PBXShellScriptBuildPhase;
			buildActionMask = 2147483647;
			files = (
			);
			inputFileListPaths = (
			);
			inputPaths = (
				"${PODS_PODFILE_DIR_PATH}/Podfile.lock",
				"${PODS_ROOT}/Manifest.lock",
			);
			name = "[CP] Check Pods Manifest.lock";
			outputFileListPaths = (
			);
			outputPaths = (
				"$(DERIVED_FILE_DIR)/Pods-TouchTunes Domain-TouchTunes Domain Tests-checkManifestLockResult.txt",
			);
			runOnlyForDeploymentPostprocessing = 0;
			shellPath = /bin/sh;
			shellScript = "diff \"${PODS_PODFILE_DIR_PATH}/Podfile.lock\" \"${PODS_ROOT}/Manifest.lock\" > /dev/null\nif [ $? != 0 ] ; then\n    # print error to STDERR\n    echo \"error: The sandbox is not in sync with the Podfile.lock. Run 'pod install' or update your CocoaPods installation.\" >&2\n    exit 1\nfi\n# This output is used by Xcode 'outputs' to avoid re-running this script phase.\necho \"SUCCESS\" > \"${SCRIPT_OUTPUT_FILE_0}\"\n";
			showEnvVarsInLog = 0;
		};
		E66C4A612B1E34DABF23323E /* [CP] Check Pods Manifest.lock */ = {
			isa = PBXShellScriptBuildPhase;
			buildActionMask = 2147483647;
			files = (
			);
			inputFileListPaths = (
			);
			inputPaths = (
				"${PODS_PODFILE_DIR_PATH}/Podfile.lock",
				"${PODS_ROOT}/Manifest.lock",
			);
			name = "[CP] Check Pods Manifest.lock";
			outputFileListPaths = (
			);
			outputPaths = (
				"$(DERIVED_FILE_DIR)/Pods-TouchTunes Domain-checkManifestLockResult.txt",
			);
			runOnlyForDeploymentPostprocessing = 0;
			shellPath = /bin/sh;
			shellScript = "diff \"${PODS_PODFILE_DIR_PATH}/Podfile.lock\" \"${PODS_ROOT}/Manifest.lock\" > /dev/null\nif [ $? != 0 ] ; then\n    # print error to STDERR\n    echo \"error: The sandbox is not in sync with the Podfile.lock. Run 'pod install' or update your CocoaPods installation.\" >&2\n    exit 1\nfi\n# This output is used by Xcode 'outputs' to avoid re-running this script phase.\necho \"SUCCESS\" > \"${SCRIPT_OUTPUT_FILE_0}\"\n";
			showEnvVarsInLog = 0;
		};
/* End PBXShellScriptBuildPhase section */

/* Begin PBXSourcesBuildPhase section */
		67923EAB26729D8A0056FCC8 /* Sources */ = {
			isa = PBXSourcesBuildPhase;
			buildActionMask = 2147483647;
			files = (
				67923EDE2672B5AE0056FCC8 /* ITunesError.swift in Sources */,
				6736D4FA273D95C500564FC1 /* SearchAlbumUseCase.swift in Sources */,
				67F33556273EB04E00F6ED80 /* SearchRequest.swift in Sources */,
				67923EE52672BD550056FCC8 /* SearchAlbumUseCaseImpl.swift in Sources */,
				6736D4FE273D970700564FC1 /* FavoriteRepository.swift in Sources */,
				67923EE82672C1530056FCC8 /* UseCaseFactory.swift in Sources */,
				67923ED82672A8B50056FCC8 /* Album.swift in Sources */,
				6736D502273D9E8900564FC1 /* SearchRepository.swift in Sources */,
			);
			runOnlyForDeploymentPostprocessing = 0;
		};
		67923EB426729D8A0056FCC8 /* Sources */ = {
			isa = PBXSourcesBuildPhase;
			buildActionMask = 2147483647;
			files = (
				67923EED2672D4E10056FCC8 /* SearchUseCaseSpec.swift in Sources */,
				671FE868272DEE4000357032 /* JSONDecoder+AtKeyPath.swift in Sources */,
				671FE866272DE2B700357032 /* SearchRepositoryMock.swift in Sources */,
				67F33551273EAEA100F6ED80 /* Nimble+BeResult.swift in Sources */,
				67923EF22673F7DD0056FCC8 /* Mock.swift in Sources */,
			);
			runOnlyForDeploymentPostprocessing = 0;
		};
/* End PBXSourcesBuildPhase section */

/* Begin PBXTargetDependency section */
		67923EBB26729D8A0056FCC8 /* PBXTargetDependency */ = {
			isa = PBXTargetDependency;
			target = 67923EAE26729D8A0056FCC8 /* TouchTunes Domain */;
			targetProxy = 67923EBA26729D8A0056FCC8 /* PBXContainerItemProxy */;
		};
/* End PBXTargetDependency section */

/* Begin XCBuildConfiguration section */
		67923EC126729D8A0056FCC8 /* Debug */ = {
			isa = XCBuildConfiguration;
			buildSettings = {
				ALWAYS_SEARCH_USER_PATHS = NO;
				CLANG_ANALYZER_NONNULL = YES;
				CLANG_ANALYZER_NUMBER_OBJECT_CONVERSION = YES_AGGRESSIVE;
				CLANG_CXX_LANGUAGE_STANDARD = "gnu++14";
				CLANG_CXX_LIBRARY = "libc++";
				CLANG_ENABLE_MODULES = YES;
				CLANG_ENABLE_OBJC_ARC = YES;
				CLANG_ENABLE_OBJC_WEAK = YES;
				CLANG_WARN_BLOCK_CAPTURE_AUTORELEASING = YES;
				CLANG_WARN_BOOL_CONVERSION = YES;
				CLANG_WARN_COMMA = YES;
				CLANG_WARN_CONSTANT_CONVERSION = YES;
				CLANG_WARN_DEPRECATED_OBJC_IMPLEMENTATIONS = YES;
				CLANG_WARN_DIRECT_OBJC_ISA_USAGE = YES_ERROR;
				CLANG_WARN_DOCUMENTATION_COMMENTS = YES;
				CLANG_WARN_EMPTY_BODY = YES;
				CLANG_WARN_ENUM_CONVERSION = YES;
				CLANG_WARN_INFINITE_RECURSION = YES;
				CLANG_WARN_INT_CONVERSION = YES;
				CLANG_WARN_NON_LITERAL_NULL_CONVERSION = YES;
				CLANG_WARN_OBJC_IMPLICIT_RETAIN_SELF = YES;
				CLANG_WARN_OBJC_LITERAL_CONVERSION = YES;
				CLANG_WARN_OBJC_ROOT_CLASS = YES_ERROR;
				CLANG_WARN_QUOTED_INCLUDE_IN_FRAMEWORK_HEADER = YES;
				CLANG_WARN_RANGE_LOOP_ANALYSIS = YES;
				CLANG_WARN_STRICT_PROTOTYPES = YES;
				CLANG_WARN_SUSPICIOUS_MOVE = YES;
				CLANG_WARN_UNGUARDED_AVAILABILITY = YES_AGGRESSIVE;
				CLANG_WARN_UNREACHABLE_CODE = YES;
				CLANG_WARN__DUPLICATE_METHOD_MATCH = YES;
				COPY_PHASE_STRIP = NO;
				CURRENT_PROJECT_VERSION = 1;
				DEBUG_INFORMATION_FORMAT = dwarf;
				ENABLE_STRICT_OBJC_MSGSEND = YES;
				ENABLE_TESTABILITY = YES;
				GCC_C_LANGUAGE_STANDARD = gnu11;
				GCC_DYNAMIC_NO_PIC = NO;
				GCC_NO_COMMON_BLOCKS = YES;
				GCC_OPTIMIZATION_LEVEL = 0;
				GCC_PREPROCESSOR_DEFINITIONS = (
					"DEBUG=1",
					"$(inherited)",
				);
				GCC_WARN_64_TO_32_BIT_CONVERSION = YES;
				GCC_WARN_ABOUT_RETURN_TYPE = YES_ERROR;
				GCC_WARN_UNDECLARED_SELECTOR = YES;
				GCC_WARN_UNINITIALIZED_AUTOS = YES_AGGRESSIVE;
				GCC_WARN_UNUSED_FUNCTION = YES;
				GCC_WARN_UNUSED_VARIABLE = YES;
				IPHONEOS_DEPLOYMENT_TARGET = 14.5;
				MTL_ENABLE_DEBUG_INFO = INCLUDE_SOURCE;
				MTL_FAST_MATH = YES;
				ONLY_ACTIVE_ARCH = YES;
				SDKROOT = iphoneos;
				SWIFT_ACTIVE_COMPILATION_CONDITIONS = DEBUG;
				SWIFT_OPTIMIZATION_LEVEL = "-Onone";
				VERSIONING_SYSTEM = "apple-generic";
				VERSION_INFO_PREFIX = "";
			};
			name = Debug;
		};
		67923EC226729D8A0056FCC8 /* Release */ = {
			isa = XCBuildConfiguration;
			buildSettings = {
				ALWAYS_SEARCH_USER_PATHS = NO;
				CLANG_ANALYZER_NONNULL = YES;
				CLANG_ANALYZER_NUMBER_OBJECT_CONVERSION = YES_AGGRESSIVE;
				CLANG_CXX_LANGUAGE_STANDARD = "gnu++14";
				CLANG_CXX_LIBRARY = "libc++";
				CLANG_ENABLE_MODULES = YES;
				CLANG_ENABLE_OBJC_ARC = YES;
				CLANG_ENABLE_OBJC_WEAK = YES;
				CLANG_WARN_BLOCK_CAPTURE_AUTORELEASING = YES;
				CLANG_WARN_BOOL_CONVERSION = YES;
				CLANG_WARN_COMMA = YES;
				CLANG_WARN_CONSTANT_CONVERSION = YES;
				CLANG_WARN_DEPRECATED_OBJC_IMPLEMENTATIONS = YES;
				CLANG_WARN_DIRECT_OBJC_ISA_USAGE = YES_ERROR;
				CLANG_WARN_DOCUMENTATION_COMMENTS = YES;
				CLANG_WARN_EMPTY_BODY = YES;
				CLANG_WARN_ENUM_CONVERSION = YES;
				CLANG_WARN_INFINITE_RECURSION = YES;
				CLANG_WARN_INT_CONVERSION = YES;
				CLANG_WARN_NON_LITERAL_NULL_CONVERSION = YES;
				CLANG_WARN_OBJC_IMPLICIT_RETAIN_SELF = YES;
				CLANG_WARN_OBJC_LITERAL_CONVERSION = YES;
				CLANG_WARN_OBJC_ROOT_CLASS = YES_ERROR;
				CLANG_WARN_QUOTED_INCLUDE_IN_FRAMEWORK_HEADER = YES;
				CLANG_WARN_RANGE_LOOP_ANALYSIS = YES;
				CLANG_WARN_STRICT_PROTOTYPES = YES;
				CLANG_WARN_SUSPICIOUS_MOVE = YES;
				CLANG_WARN_UNGUARDED_AVAILABILITY = YES_AGGRESSIVE;
				CLANG_WARN_UNREACHABLE_CODE = YES;
				CLANG_WARN__DUPLICATE_METHOD_MATCH = YES;
				COPY_PHASE_STRIP = NO;
				CURRENT_PROJECT_VERSION = 1;
				DEBUG_INFORMATION_FORMAT = "dwarf-with-dsym";
				ENABLE_NS_ASSERTIONS = NO;
				ENABLE_STRICT_OBJC_MSGSEND = YES;
				GCC_C_LANGUAGE_STANDARD = gnu11;
				GCC_NO_COMMON_BLOCKS = YES;
				GCC_WARN_64_TO_32_BIT_CONVERSION = YES;
				GCC_WARN_ABOUT_RETURN_TYPE = YES_ERROR;
				GCC_WARN_UNDECLARED_SELECTOR = YES;
				GCC_WARN_UNINITIALIZED_AUTOS = YES_AGGRESSIVE;
				GCC_WARN_UNUSED_FUNCTION = YES;
				GCC_WARN_UNUSED_VARIABLE = YES;
				IPHONEOS_DEPLOYMENT_TARGET = 14.5;
				MTL_ENABLE_DEBUG_INFO = NO;
				MTL_FAST_MATH = YES;
				SDKROOT = iphoneos;
				SWIFT_COMPILATION_MODE = wholemodule;
				SWIFT_OPTIMIZATION_LEVEL = "-O";
				VALIDATE_PRODUCT = YES;
				VERSIONING_SYSTEM = "apple-generic";
				VERSION_INFO_PREFIX = "";
			};
			name = Release;
		};
		67923EC426729D8A0056FCC8 /* Debug */ = {
			isa = XCBuildConfiguration;
			baseConfigurationReference = 609EE0E3BA88901C22069F89 /* Pods-TouchTunes Domain.debug.xcconfig */;
			buildSettings = {
				APPLICATION_EXTENSION_API_ONLY = NO;
				CLANG_ENABLE_MODULES = YES;
				CODE_SIGN_IDENTITY = "Apple Development";
				"CODE_SIGN_IDENTITY[sdk=macosx*]" = "Apple Development";
				CODE_SIGN_STYLE = Manual;
				DEFINES_MODULE = YES;
				DEVELOPMENT_TEAM = 3FQU58AQ88;
				DYLIB_COMPATIBILITY_VERSION = 1;
				DYLIB_CURRENT_VERSION = 1;
				DYLIB_INSTALL_NAME_BASE = "@rpath";
				INFOPLIST_FILE = "Domain/Supporting Files/Info.plist";
				INSTALL_PATH = "$(LOCAL_LIBRARY_DIR)/Frameworks";
				LD_RUNPATH_SEARCH_PATHS = (
					"$(inherited)",
					"@executable_path/Frameworks",
					"@loader_path/Frameworks",
				);
				PRODUCT_BUNDLE_IDENTIFIER = dev.neymoura.touchtunes.domain;
				PRODUCT_NAME = "$(TARGET_NAME:c99extidentifier)";
				PROVISIONING_PROFILE_SPECIFIER = "";
				"PROVISIONING_PROFILE_SPECIFIER[sdk=macosx*]" = "";
				SKIP_INSTALL = YES;
				SWIFT_OPTIMIZATION_LEVEL = "-Onone";
				SWIFT_VERSION = 5.0;
				TARGETED_DEVICE_FAMILY = "1,2";
			};
			name = Debug;
		};
		67923EC526729D8A0056FCC8 /* Release */ = {
			isa = XCBuildConfiguration;
			baseConfigurationReference = 454CCD5E4B024D1EACACC814 /* Pods-TouchTunes Domain.release.xcconfig */;
			buildSettings = {
				APPLICATION_EXTENSION_API_ONLY = NO;
				CLANG_ENABLE_MODULES = YES;
				CODE_SIGN_IDENTITY = "Apple Development";
				"CODE_SIGN_IDENTITY[sdk=macosx*]" = "Apple Development";
				CODE_SIGN_STYLE = Manual;
				DEFINES_MODULE = YES;
				DEVELOPMENT_TEAM = 3FQU58AQ88;
				DYLIB_COMPATIBILITY_VERSION = 1;
				DYLIB_CURRENT_VERSION = 1;
				DYLIB_INSTALL_NAME_BASE = "@rpath";
				INFOPLIST_FILE = "Domain/Supporting Files/Info.plist";
				INSTALL_PATH = "$(LOCAL_LIBRARY_DIR)/Frameworks";
				LD_RUNPATH_SEARCH_PATHS = (
					"$(inherited)",
					"@executable_path/Frameworks",
					"@loader_path/Frameworks",
				);
				PRODUCT_BUNDLE_IDENTIFIER = dev.neymoura.touchtunes.domain;
				PRODUCT_NAME = "$(TARGET_NAME:c99extidentifier)";
				PROVISIONING_PROFILE_SPECIFIER = "";
				"PROVISIONING_PROFILE_SPECIFIER[sdk=macosx*]" = "";
				SKIP_INSTALL = YES;
				SWIFT_VERSION = 5.0;
				TARGETED_DEVICE_FAMILY = "1,2";
			};
			name = Release;
		};
		67923EC726729D8A0056FCC8 /* Debug */ = {
			isa = XCBuildConfiguration;
			baseConfigurationReference = 563278CC5542EE9F071DDDBD /* Pods-TouchTunes Domain-TouchTunes Domain Tests.debug.xcconfig */;
			buildSettings = {
				ALWAYS_EMBED_SWIFT_STANDARD_LIBRARIES = YES;
				CODE_SIGN_STYLE = Manual;
				DEVELOPMENT_TEAM = 3FQU58AQ88;
				INFOPLIST_FILE = "Domain Tests/Supporting Files/Info.plist";
				LD_RUNPATH_SEARCH_PATHS = (
					"$(inherited)",
					"@executable_path/Frameworks",
					"@loader_path/Frameworks",
				);
				PRODUCT_BUNDLE_IDENTIFIER = dev.neymoura.touchtunes.sdk.tests;
				PRODUCT_NAME = "$(TARGET_NAME)";
				PROVISIONING_PROFILE_SPECIFIER = "";
				"PROVISIONING_PROFILE_SPECIFIER[sdk=macosx*]" = "";
				SWIFT_VERSION = 5.0;
				TARGETED_DEVICE_FAMILY = "1,2";
			};
			name = Debug;
		};
		67923EC826729D8A0056FCC8 /* Release */ = {
			isa = XCBuildConfiguration;
			baseConfigurationReference = D0698222DEDF6AE6FC1F096C /* Pods-TouchTunes Domain-TouchTunes Domain Tests.release.xcconfig */;
			buildSettings = {
				ALWAYS_EMBED_SWIFT_STANDARD_LIBRARIES = YES;
				CODE_SIGN_STYLE = Manual;
				DEVELOPMENT_TEAM = 3FQU58AQ88;
				INFOPLIST_FILE = "Domain Tests/Supporting Files/Info.plist";
				LD_RUNPATH_SEARCH_PATHS = (
					"$(inherited)",
					"@executable_path/Frameworks",
					"@loader_path/Frameworks",
				);
				PRODUCT_BUNDLE_IDENTIFIER = dev.neymoura.touchtunes.sdk.tests;
				PRODUCT_NAME = "$(TARGET_NAME)";
				PROVISIONING_PROFILE_SPECIFIER = "";
				"PROVISIONING_PROFILE_SPECIFIER[sdk=macosx*]" = "";
				SWIFT_VERSION = 5.0;
				TARGETED_DEVICE_FAMILY = "1,2";
			};
			name = Release;
		};
/* End XCBuildConfiguration section */

/* Begin XCConfigurationList section */
		67923EA926729D8A0056FCC8 /* Build configuration list for PBXProject "TouchTunes Domain" */ = {
			isa = XCConfigurationList;
			buildConfigurations = (
				67923EC126729D8A0056FCC8 /* Debug */,
				67923EC226729D8A0056FCC8 /* Release */,
			);
			defaultConfigurationIsVisible = 0;
			defaultConfigurationName = Release;
		};
		67923EC326729D8A0056FCC8 /* Build configuration list for PBXNativeTarget "TouchTunes Domain" */ = {
			isa = XCConfigurationList;
			buildConfigurations = (
				67923EC426729D8A0056FCC8 /* Debug */,
				67923EC526729D8A0056FCC8 /* Release */,
			);
			defaultConfigurationIsVisible = 0;
			defaultConfigurationName = Release;
		};
		67923EC626729D8A0056FCC8 /* Build configuration list for PBXNativeTarget "TouchTunes Domain Tests" */ = {
			isa = XCConfigurationList;
			buildConfigurations = (
				67923EC726729D8A0056FCC8 /* Debug */,
				67923EC826729D8A0056FCC8 /* Release */,
			);
			defaultConfigurationIsVisible = 0;
			defaultConfigurationName = Release;
		};
/* End XCConfigurationList section */
	};
	rootObject = 67923EA626729D8A0056FCC8 /* Project object */;
}
